
Microsoft Visual Studio Solution File, Format Version 12.00
# Visual Studio Version 17
VisualStudioVersion = 17.8.34408.163
MinimumVisualStudioVersion = 10.0.40219.1
Project("{FAE04EC0-301F-11D3-BF4B-00C04F79EFBC}") = "PdmApiDev", "PdmApiDev\PdmApiDev.csproj", "{14F8C808-7768-44F4-A1B4-FADEE33135D7}"
EndProject
Global
	GlobalSection(SolutionConfigurationPlatforms) = preSolution
		Debug|Any CPU = Debug|Any CPU
		Release|Any CPU = Release|Any CPU
	EndGlobalSection
	GlobalSection(ProjectConfigurationPlatforms) = postSolution
		{14F8C808-7768-44F4-A1B4-FADEE33135D7}.Debug|Any CPU.ActiveCfg = Debug|Any CPU
		{14F8C808-7768-44F4-A1B4-FADEE33135D7}.Debug|Any CPU.Build.0 = Debug|Any CPU
		{14F8C808-7768-44F4-A1B4-FADEE33135D7}.Release|Any CPU.ActiveCfg = Release|Any CPU
		{14F8C808-7768-44F4-A1B4-FADEE33135D7}.Release|Any CPU.Build.0 = Release|Any CPU
	EndGlobalSection
	GlobalSection(SolutionProperties) = preSolution
		HideSolutionNode = FALSE
	EndGlobalSection
	GlobalSection(ExtensibilityGlobals) = postSolution
		SolutionGuid = {D697EB76-A170-49DC-82D4-6435A78C1A7B}
	EndGlobalSection
EndGlobal
